{
  "name": "pasa-auto",
  "lockfileVersion": 3,
  "requires": true,
  "packages": {
    "": {
      "devDependencies": {
        "baseline-browser-mapping": "^2.10.11"
      }
    },
    "node_modules/baseline-browser-mapping": {
      "version": "2.10.11",
      "resolved": "https://registry.npmjs.org/baseline-browser-mapping/-/baseline-browser-mapping-2.10.11.tgz",
      "integrity": "sha512-DAKrHphkJyiGuau/cFieRYhcTFeK/lBuD++C7cZ6KZHbMhBrisoi+EvhQ5RZrIfV5qwsW8kgQ07JIC+MDJRAhg==",
      "dev": true,
      "license": "Apache-2.0",
      "bin": {
        "baseline-browser-mapping": "dist/cli.cjs"
      },
      "engines": {
        "node": ">=6.0.0"
      }
    }
  }
}
